
Microsoft Visual Studio Solution File, Format Version 12.00
# Visual Studio Version 16
VisualStudioVersion = 16.0.30503.244
MinimumVisualStudioVersion = 10.0.40219.1
Project("{FAE04EC0-301F-11D3-BF4B-00C04F79EFBC}") = "OpenTKTest2", "OpenTKTest2\OpenTKTest2.csproj", "{3A4858B8-257A-4ECB-9E6A-0BA1C76E3D13}"
EndProject
Global
	GlobalSection(SolutionConfigurationPlatforms) = preSolution
		Debug|Any CPU = Debug|Any CPU
		Release|Any CPU = Release|Any CPU
	EndGlobalSection
	GlobalSection(ProjectConfigurationPlatforms) = postSolution
		{3A4858B8-257A-4ECB-9E6A-0BA1C76E3D13}.Debug|Any CPU.ActiveCfg = Debug|Any CPU
		{3A4858B8-257A-4ECB-9E6A-0BA1C76E3D13}.Debug|Any CPU.Build.0 = Debug|Any CPU
		{3A4858B8-257A-4ECB-9E6A-0BA1C76E3D13}.Release|Any CPU.ActiveCfg = Release|Any CPU
		{3A4858B8-257A-4ECB-9E6A-0BA1C76E3D13}.Release|Any CPU.Build.0 = Release|Any CPU
	EndGlobalSection
	GlobalSection(SolutionProperties) = preSolution
		HideSolutionNode = FALSE
	EndGlobalSection
	GlobalSection(ExtensibilityGlobals) = postSolution
		SolutionGuid = {58DE93E7-AC43-451A-891B-FC78586342DD}
	EndGlobalSection
EndGlobal
